
Microsoft Visual Studio Solution File, Format Version 12.00
# Visual Studio Version 16
VisualStudioVersion = 16.0.30114.105
MinimumVisualStudioVersion = 10.0.40219.1
Project("{FAE04EC0-301F-11D3-BF4B-00C04F79EFBC}") = "API", "API\API.csproj", "{1841DE8D-FCC9-4F5D-9694-97A805243DBB}"
EndProject
Project("{FAE04EC0-301F-11D3-BF4B-00C04F79EFBC}") = "Core", "Core\Core.csproj", "{BBE21812-8FA4-4970-88DC-D737EBB968FE}"
EndProject
Project("{FAE04EC0-301F-11D3-BF4B-00C04F79EFBC}") = "Infrastructure", "Infrastructure\Infrastructure.csproj", "{E3710480-4E3E-4C74-98E1-4643FF3986C7}"
EndProject
Global
	GlobalSection(SolutionConfigurationPlatforms) = preSolution
		Debug|Any CPU = Debug|Any CPU
		Release|Any CPU = Release|Any CPU
	EndGlobalSection
	GlobalSection(SolutionProperties) = preSolution
		HideSolutionNode = FALSE
	EndGlobalSection
	GlobalSection(ProjectConfigurationPlatforms) = postSolution
		{1841DE8D-FCC9-4F5D-9694-97A805243DBB}.Debug|Any CPU.ActiveCfg = Debug|Any CPU
		{1841DE8D-FCC9-4F5D-9694-97A805243DBB}.Debug|Any CPU.Build.0 = Debug|Any CPU
		{1841DE8D-FCC9-4F5D-9694-97A805243DBB}.Release|Any CPU.ActiveCfg = Release|Any CPU
		{1841DE8D-FCC9-4F5D-9694-97A805243DBB}.Release|Any CPU.Build.0 = Release|Any CPU
		{BBE21812-8FA4-4970-88DC-D737EBB968FE}.Debug|Any CPU.ActiveCfg = Debug|Any CPU
		{BBE21812-8FA4-4970-88DC-D737EBB968FE}.Debug|Any CPU.Build.0 = Debug|Any CPU
		{BBE21812-8FA4-4970-88DC-D737EBB968FE}.Release|Any CPU.ActiveCfg = Release|Any CPU
		{BBE21812-8FA4-4970-88DC-D737EBB968FE}.Release|Any CPU.Build.0 = Release|Any CPU
		{E3710480-4E3E-4C74-98E1-4643FF3986C7}.Debug|Any CPU.ActiveCfg = Debug|Any CPU
		{E3710480-4E3E-4C74-98E1-4643FF3986C7}.Debug|Any CPU.Build.0 = Debug|Any CPU
		{E3710480-4E3E-4C74-98E1-4643FF3986C7}.Release|Any CPU.ActiveCfg = Release|Any CPU
		{E3710480-4E3E-4C74-98E1-4643FF3986C7}.Release|Any CPU.Build.0 = Release|Any CPU
	EndGlobalSection
EndGlobal
